PODS:
  - Alamofire (4.7.2)
  - CocoaAsyncSocket (7.6.3)
  - CocoaLumberjack (3.4.2):
    - CocoaLumberjack/Default (= 3.4.2)
    - CocoaLumberjack/Extensions (= 3.4.2)
  - CocoaLumberjack/Default (3.4.2)
  - CocoaLumberjack/Extensions (3.4.2):
    - CocoaLumberjack/Default
  - CocoaLumberjack/Swift (3.4.2):
    - CocoaLumberjack/Default
  - DateToolsSwift (4.0.0)
  - Nimble (9.0.0)
  - PaperTrailLumberjack/Core (0.1.8):
    - CocoaAsyncSocket (~> 7.5)
    - CocoaLumberjack (~> 3.0)
  - PaperTrailLumberjack/Swift (0.1.8):
    - CocoaLumberjack/Swift (~> 3.0)
    - PaperTrailLumberjack/Core
  - SwiftyJSON (4.1.0)

DEPENDENCIES:
  - Alamofire
  - DateToolsSwift
  - Nimble (~> 9.0.0)
  - PaperTrailLumberjack/Swift (from `https://github.com/joshfreed/papertraillumberjack`)
  - SwiftyJSON

SPEC REPOS:
  trunk:
    - Alamofire
    - CocoaAsyncSocket
    - CocoaLumberjack
    - DateToolsSwift
    - Nimble
    - SwiftyJSON

EXTERNAL SOURCES:
  PaperTrailLumberjack:
    :git: https://github.com/joshfreed/papertraillumberjack

CHECKOUT OPTIONS:
  PaperTrailLumberjack:
    :commit: f46e592f99b212c1388ae236ae354b5b097a042a
    :git: https://github.com/joshfreed/papertraillumberjack

SPEC CHECKSUMS:
  Alamofire: e4fa87002c137ba2d8d634d2c51fabcda0d5c223
  CocoaAsyncSocket: eafaa68a7e0ec99ead0a7b35015e0bf25d2c8987
  CocoaLumberjack: db7cc9e464771f12054c22ff6947c5a58d43a0fd
  DateToolsSwift: 875d97ff9e3a5d54abdd67a269b3f51c757b71ab
  Nimble: 3b4ec3fd40f1dc178058e0981107721c615643d8
  PaperTrailLumberjack: fb0664959c23b17e9663ad01ebd242d34d2082fd
  SwiftyJSON: c29297daf073d2aa016295d5809cdd68045c39b3

PODFILE CHECKSUM: 3fb985379fa666d6cb7305fa11f49e1c8f0bc06c

COCOAPODS: 1.10.1
