PODS:
  - CocoaAsyncSocket (7.6.5)
  - CocoaLumberjack (3.7.0):
    - CocoaLumberjack/Core (= 3.7.0)
  - CocoaLumberjack/Core (3.7.0)
  - CocoaLumberjack/Swift (3.7.0):
    - CocoaLumberjack/Core
  - DateToolsSwift (5.0.0)
  - Nimble (9.0.0)
  - PaperTrailLumberjack/Core (0.1.8):
    - CocoaAsyncSocket (~> 7.5)
    - CocoaLumberjack (~> 3.0)
  - PaperTrailLumberjack/Swift (0.1.8):
    - CocoaLumberjack/Swift (~> 3.0)
    - PaperTrailLumberjack/Core

DEPENDENCIES:
  - DateToolsSwift
  - Nimble
  - PaperTrailLumberjack/Swift (from `https://github.com/joshfreed/papertraillumberjack`)

SPEC REPOS:
  trunk:
    - CocoaAsyncSocket
    - CocoaLumberjack
    - DateToolsSwift
    - Nimble

EXTERNAL SOURCES:
  PaperTrailLumberjack:
    :git: https://github.com/joshfreed/papertraillumberjack

CHECKOUT OPTIONS:
  PaperTrailLumberjack:
    :commit: f46e592f99b212c1388ae236ae354b5b097a042a
    :git: https://github.com/joshfreed/papertraillumberjack

SPEC CHECKSUMS:
  CocoaAsyncSocket: 065fd1e645c7abab64f7a6a2007a48038fdc6a99
  CocoaLumberjack: e8955b9d337ac307103b0a34fd141c32f27e53c5
  DateToolsSwift: 4207ada6ad615d8dc076323d27037c94916dbfa6
  Nimble: 3b4ec3fd40f1dc178058e0981107721c615643d8
  PaperTrailLumberjack: fb0664959c23b17e9663ad01ebd242d34d2082fd

PODFILE CHECKSUM: 5d4e8c68993c403411f4b399bb1c964aa2e80fbc

COCOAPODS: 1.10.1
