// !$*UTF8*$!
{
	archiveVersion = 1;
	classes = {
	};
	objectVersion = 48;
	objects = {

/* Begin PBXBuildFile section */
		18C6D8AE86E6F68E803FFABA /* Pods_SimpleScrobUITests.framework in Frameworks */ = {isa = PBXBuildFile; fileRef = 05BB0A066C070FA24C96CF74 /* Pods_SimpleScrobUITests.framework */; };
		50A7359987A4C112D17A5535 /* Pods_SimpleScrobTests.framework in Frameworks */ = {isa = PBXBuildFile; fileRef = FA95CEA86793508E6B319928 /* Pods_SimpleScrobTests.framework */; };
		53075DEC1F85425800A19189 /* Podfile in Resources */ = {isa = PBXBuildFile; fileRef = 53075DE91F85425800A19189 /* Podfile */; };
		5316A6511F82BFB5005193EB /* SongScanner.swift in Sources */ = {isa = PBXBuildFile; fileRef = 5316A6501F82BFB5005193EB /* SongScanner.swift */; };
		5316A6561F82CBD7005193EB /* SimpleScrob.xcdatamodeld in Sources */ = {isa = PBXBuildFile; fileRef = 5316A6541F82CBD6005193EB /* SimpleScrob.xcdatamodeld */; };
		53825B881F7E8CC600566F2C /* AppDelegate.swift in Sources */ = {isa = PBXBuildFile; fileRef = 53825B871F7E8CC600566F2C /* AppDelegate.swift */; };
		53825B8D1F7E8CC600566F2C /* Main.storyboard in Resources */ = {isa = PBXBuildFile; fileRef = 53825B8B1F7E8CC600566F2C /* Main.storyboard */; };
		53825B8F1F7E8CC600566F2C /* Assets.xcassets in Resources */ = {isa = PBXBuildFile; fileRef = 53825B8E1F7E8CC600566F2C /* Assets.xcassets */; };
		53825B921F7E8CC600566F2C /* LaunchScreen.storyboard in Resources */ = {isa = PBXBuildFile; fileRef = 53825B901F7E8CC600566F2C /* LaunchScreen.storyboard */; };
		53825B9D1F7E8CC700566F2C /* SimpleScrobTests.swift in Sources */ = {isa = PBXBuildFile; fileRef = 53825B9C1F7E8CC700566F2C /* SimpleScrobTests.swift */; };
		53825BA81F7E8CC700566F2C /* SimpleScrobUITests.swift in Sources */ = {isa = PBXBuildFile; fileRef = 53825BA71F7E8CC700566F2C /* SimpleScrobUITests.swift */; };
		53825BB61F7EE22100566F2C /* MediaAuthPrimerView.xib in Resources */ = {isa = PBXBuildFile; fileRef = 53825BB51F7EE22100566F2C /* MediaAuthPrimerView.xib */; };
		53825BB81F7EE4FD00566F2C /* UIViewLoading.swift in Sources */ = {isa = PBXBuildFile; fileRef = 53825BB71F7EE4FD00566F2C /* UIViewLoading.swift */; };
		53825BBA1F7EE53E00566F2C /* MediaAuthPrimerView.swift in Sources */ = {isa = PBXBuildFile; fileRef = 53825BB91F7EE53E00566F2C /* MediaAuthPrimerView.swift */; };
		53825BBC1F802A3100566F2C /* LastFM.swift in Sources */ = {isa = PBXBuildFile; fileRef = 53825BBB1F802A3100566F2C /* LastFM.swift */; };
		53825BBE1F802C7700566F2C /* MediaLibrary.swift in Sources */ = {isa = PBXBuildFile; fileRef = 53825BBD1F802C7700566F2C /* MediaLibrary.swift */; };
		53825BC71F8032CF00566F2C /* ScrobblePresenter.swift in Sources */ = {isa = PBXBuildFile; fileRef = 53825BC11F8032CF00566F2C /* ScrobblePresenter.swift */; };
		53825BC81F8032CF00566F2C /* ScrobbleWorker.swift in Sources */ = {isa = PBXBuildFile; fileRef = 53825BC21F8032CF00566F2C /* ScrobbleWorker.swift */; };
		53825BC91F8032CF00566F2C /* ScrobbleRouter.swift in Sources */ = {isa = PBXBuildFile; fileRef = 53825BC31F8032CF00566F2C /* ScrobbleRouter.swift */; };
		53825BCA1F8032CF00566F2C /* ScrobbleModels.swift in Sources */ = {isa = PBXBuildFile; fileRef = 53825BC41F8032CF00566F2C /* ScrobbleModels.swift */; };
		53825BCB1F8032CF00566F2C /* ScrobbleViewController.swift in Sources */ = {isa = PBXBuildFile; fileRef = 53825BC51F8032CF00566F2C /* ScrobbleViewController.swift */; };
		53825BCC1F8032CF00566F2C /* ScrobbleInteractor.swift in Sources */ = {isa = PBXBuildFile; fileRef = 53825BC61F8032CF00566F2C /* ScrobbleInteractor.swift */; };
		53825BD11F803F3400566F2C /* Song.swift in Sources */ = {isa = PBXBuildFile; fileRef = 53825BD01F803F3400566F2C /* Song.swift */; };
		53ACED671F8160F6008BAB39 /* User.swift in Sources */ = {isa = PBXBuildFile; fileRef = 53ACED661F8160F6008BAB39 /* User.swift */; };
		53B06FEC1F83E8B200FC9AB9 /* SSTextField.swift in Sources */ = {isa = PBXBuildFile; fileRef = 53B06FEB1F83E8B200FC9AB9 /* SSTextField.swift */; };
		53B06FEF1F83EE7200FC9AB9 /* SSTextField.xib in Resources */ = {isa = PBXBuildFile; fileRef = 535A949D1F83E81100375D4E /* SSTextField.xib */; };
		53D6AD0C1F826B5E005F6972 /* SignInPresenter.swift in Sources */ = {isa = PBXBuildFile; fileRef = 53D6AD061F826B5E005F6972 /* SignInPresenter.swift */; };
		53D6AD0D1F826B5E005F6972 /* SignInWorker.swift in Sources */ = {isa = PBXBuildFile; fileRef = 53D6AD071F826B5E005F6972 /* SignInWorker.swift */; };
		53D6AD0E1F826B5E005F6972 /* SignInRouter.swift in Sources */ = {isa = PBXBuildFile; fileRef = 53D6AD081F826B5E005F6972 /* SignInRouter.swift */; };
		53D6AD0F1F826B5E005F6972 /* SignInModels.swift in Sources */ = {isa = PBXBuildFile; fileRef = 53D6AD091F826B5E005F6972 /* SignInModels.swift */; };
		53D6AD101F826B5E005F6972 /* SignInViewController.swift in Sources */ = {isa = PBXBuildFile; fileRef = 53D6AD0A1F826B5E005F6972 /* SignInViewController.swift */; };
		53D6AD111F826B5E005F6972 /* SignInInteractor.swift in Sources */ = {isa = PBXBuildFile; fileRef = 53D6AD0B1F826B5E005F6972 /* SignInInteractor.swift */; };
		53D6AD1B1F82AD81005F6972 /* JFLib.framework in Frameworks */ = {isa = PBXBuildFile; fileRef = 53D6AD1A1F82AD81005F6972 /* JFLib.framework */; };
		53D6AD1C1F82AD81005F6972 /* JFLib.framework in Embed Frameworks */ = {isa = PBXBuildFile; fileRef = 53D6AD1A1F82AD81005F6972 /* JFLib.framework */; settings = {ATTRIBUTES = (CodeSignOnCopy, RemoveHeadersOnCopy, ); }; };
		53D9B5761F8156F300C8581B /* Database.swift in Sources */ = {isa = PBXBuildFile; fileRef = 53D9B5751F8156F300C8581B /* Database.swift */; };
		53FA51051F83F77D00F816B9 /* FloatingLabelTextField.swift in Sources */ = {isa = PBXBuildFile; fileRef = 53FA51041F83F77D00F816B9 /* FloatingLabelTextField.swift */; };
		FB72D7E700FB5B3BD29D5C22 /* Pods_SimpleScrob.framework in Frameworks */ = {isa = PBXBuildFile; fileRef = B994350F573FE6631D75B10A /* Pods_SimpleScrob.framework */; };
/* End PBXBuildFile section */

/* Begin PBXContainerItemProxy section */
		53825B991F7E8CC700566F2C /* PBXContainerItemProxy */ = {
			isa = PBXContainerItemProxy;
			containerPortal = 53825B7C1F7E8CC600566F2C /* Project object */;
			proxyType = 1;
			remoteGlobalIDString = 53825B831F7E8CC600566F2C;
			remoteInfo = SimpleScrob;
		};
		53825BA41F7E8CC700566F2C /* PBXContainerItemProxy */ = {
			isa = PBXContainerItemProxy;
			containerPortal = 53825B7C1F7E8CC600566F2C /* Project object */;
			proxyType = 1;
			remoteGlobalIDString = 53825B831F7E8CC600566F2C;
			remoteInfo = SimpleScrob;
		};
		53B06FE71F83E88300FC9AB9 /* PBXContainerItemProxy */ = {
			isa = PBXContainerItemProxy;
			containerPortal = 53B06FE21F83E88300FC9AB9 /* JFLib.xcodeproj */;
			proxyType = 2;
			remoteGlobalIDString = 537D6AC61F575C2C00E0E630;
			remoteInfo = JFLib;
		};
		53B06FE91F83E88300FC9AB9 /* PBXContainerItemProxy */ = {
			isa = PBXContainerItemProxy;
			containerPortal = 53B06FE21F83E88300FC9AB9 /* JFLib.xcodeproj */;
			proxyType = 2;
			remoteGlobalIDString = 537D6ACF1F575C2C00E0E630;
			remoteInfo = JFLibTests;
		};
/* End PBXContainerItemProxy section */

/* Begin PBXCopyFilesBuildPhase section */
		53D6AD1D1F82AD82005F6972 /* Embed Frameworks */ = {
			isa = PBXCopyFilesBuildPhase;
			buildActionMask = 2147483647;
			dstPath = "";
			dstSubfolderSpec = 10;
			files = (
				53D6AD1C1F82AD81005F6972 /* JFLib.framework in Embed Frameworks */,
			);
			name = "Embed Frameworks";
			runOnlyForDeploymentPostprocessing = 0;
		};
/* End PBXCopyFilesBuildPhase section */

/* Begin PBXFileReference section */
		05BB0A066C070FA24C96CF74 /* Pods_SimpleScrobUITests.framework */ = {isa = PBXFileReference; explicitFileType = wrapper.framework; includeInIndex = 0; path = Pods_SimpleScrobUITests.framework; sourceTree = BUILT_PRODUCTS_DIR; };
		3E5D420393C7E496D31A4C73 /* Pods-SimpleScrob.release.xcconfig */ = {isa = PBXFileReference; includeInIndex = 1; lastKnownFileType = text.xcconfig; name = "Pods-SimpleScrob.release.xcconfig"; path = "Pods/Target Support Files/Pods-SimpleScrob/Pods-SimpleScrob.release.xcconfig"; sourceTree = "<group>"; };
		4834C745F470D255FABD22BB /* Pods-SimpleScrobTests.release.xcconfig */ = {isa = PBXFileReference; includeInIndex = 1; lastKnownFileType = text.xcconfig; name = "Pods-SimpleScrobTests.release.xcconfig"; path = "Pods/Target Support Files/Pods-SimpleScrobTests/Pods-SimpleScrobTests.release.xcconfig"; sourceTree = "<group>"; };
		53075DE91F85425800A19189 /* Podfile */ = {isa = PBXFileReference; fileEncoding = 4; lastKnownFileType = text; path = Podfile; sourceTree = "<group>"; };
		5316A6501F82BFB5005193EB /* SongScanner.swift */ = {isa = PBXFileReference; lastKnownFileType = sourcecode.swift; path = SongScanner.swift; sourceTree = "<group>"; };
		5316A6551F82CBD6005193EB /* SimpleScrob.xcdatamodel */ = {isa = PBXFileReference; lastKnownFileType = wrapper.xcdatamodel; path = SimpleScrob.xcdatamodel; sourceTree = "<group>"; };
		535A949D1F83E81100375D4E /* SSTextField.xib */ = {isa = PBXFileReference; lastKnownFileType = file.xib; path = SSTextField.xib; sourceTree = "<group>"; };
		53825B841F7E8CC600566F2C /* SimpleScrob.app */ = {isa = PBXFileReference; explicitFileType = wrapper.application; includeInIndex = 0; path = SimpleScrob.app; sourceTree = BUILT_PRODUCTS_DIR; };
		53825B871F7E8CC600566F2C /* AppDelegate.swift */ = {isa = PBXFileReference; lastKnownFileType = sourcecode.swift; path = AppDelegate.swift; sourceTree = "<group>"; };
		53825B8C1F7E8CC600566F2C /* Base */ = {isa = PBXFileReference; lastKnownFileType = file.storyboard; name = Base; path = Base.lproj/Main.storyboard; sourceTree = "<group>"; };
		53825B8E1F7E8CC600566F2C /* Assets.xcassets */ = {isa = PBXFileReference; lastKnownFileType = folder.assetcatalog; path = Assets.xcassets; sourceTree = "<group>"; };
		53825B911F7E8CC600566F2C /* Base */ = {isa = PBXFileReference; lastKnownFileType = file.storyboard; name = Base; path = Base.lproj/LaunchScreen.storyboard; sourceTree = "<group>"; };
		53825B931F7E8CC600566F2C /* Info.plist */ = {isa = PBXFileReference; lastKnownFileType = text.plist.xml; path = Info.plist; sourceTree = "<group>"; };
		53825B981F7E8CC700566F2C /* SimpleScrobTests.xctest */ = {isa = PBXFileReference; explicitFileType = wrapper.cfbundle; includeInIndex = 0; path = SimpleScrobTests.xctest; sourceTree = BUILT_PRODUCTS_DIR; };
		53825B9C1F7E8CC700566F2C /* SimpleScrobTests.swift */ = {isa = PBXFileReference; lastKnownFileType = sourcecode.swift; path = SimpleScrobTests.swift; sourceTree = "<group>"; };
		53825B9E1F7E8CC700566F2C /* Info.plist */ = {isa = PBXFileReference; lastKnownFileType = text.plist.xml; path = Info.plist; sourceTree = "<group>"; };
		53825BA31F7E8CC700566F2C /* SimpleScrobUITests.xctest */ = {isa = PBXFileReference; explicitFileType = wrapper.cfbundle; includeInIndex = 0; path = SimpleScrobUITests.xctest; sourceTree = BUILT_PRODUCTS_DIR; };
		53825BA71F7E8CC700566F2C /* SimpleScrobUITests.swift */ = {isa = PBXFileReference; lastKnownFileType = sourcecode.swift; path = SimpleScrobUITests.swift; sourceTree = "<group>"; };
		53825BA91F7E8CC700566F2C /* Info.plist */ = {isa = PBXFileReference; lastKnownFileType = text.plist.xml; path = Info.plist; sourceTree = "<group>"; };
		53825BB51F7EE22100566F2C /* MediaAuthPrimerView.xib */ = {isa = PBXFileReference; lastKnownFileType = file.xib; path = MediaAuthPrimerView.xib; sourceTree = "<group>"; };
		53825BB71F7EE4FD00566F2C /* UIViewLoading.swift */ = {isa = PBXFileReference; lastKnownFileType = sourcecode.swift; path = UIViewLoading.swift; sourceTree = "<group>"; };
		53825BB91F7EE53E00566F2C /* MediaAuthPrimerView.swift */ = {isa = PBXFileReference; lastKnownFileType = sourcecode.swift; path = MediaAuthPrimerView.swift; sourceTree = "<group>"; };
		53825BBB1F802A3100566F2C /* LastFM.swift */ = {isa = PBXFileReference; lastKnownFileType = sourcecode.swift; path = LastFM.swift; sourceTree = "<group>"; };
		53825BBD1F802C7700566F2C /* MediaLibrary.swift */ = {isa = PBXFileReference; lastKnownFileType = sourcecode.swift; path = MediaLibrary.swift; sourceTree = "<group>"; };
		53825BC11F8032CF00566F2C /* ScrobblePresenter.swift */ = {isa = PBXFileReference; lastKnownFileType = sourcecode.swift; name = ScrobblePresenter.swift; path = SimpleScrob/Scenes/Scrobble/ScrobblePresenter.swift; sourceTree = SOURCE_ROOT; };
		53825BC21F8032CF00566F2C /* ScrobbleWorker.swift */ = {isa = PBXFileReference; lastKnownFileType = sourcecode.swift; name = ScrobbleWorker.swift; path = SimpleScrob/Scenes/Scrobble/ScrobbleWorker.swift; sourceTree = SOURCE_ROOT; };
		53825BC31F8032CF00566F2C /* ScrobbleRouter.swift */ = {isa = PBXFileReference; lastKnownFileType = sourcecode.swift; name = ScrobbleRouter.swift; path = SimpleScrob/Scenes/Scrobble/ScrobbleRouter.swift; sourceTree = SOURCE_ROOT; };
		53825BC41F8032CF00566F2C /* ScrobbleModels.swift */ = {isa = PBXFileReference; lastKnownFileType = sourcecode.swift; name = ScrobbleModels.swift; path = SimpleScrob/Scenes/Scrobble/ScrobbleModels.swift; sourceTree = SOURCE_ROOT; };
		53825BC51F8032CF00566F2C /* ScrobbleViewController.swift */ = {isa = PBXFileReference; lastKnownFileType = sourcecode.swift; name = ScrobbleViewController.swift; path = SimpleScrob/Scenes/Scrobble/ScrobbleViewController.swift; sourceTree = SOURCE_ROOT; };
		53825BC61F8032CF00566F2C /* ScrobbleInteractor.swift */ = {isa = PBXFileReference; lastKnownFileType = sourcecode.swift; name = ScrobbleInteractor.swift; path = SimpleScrob/Scenes/Scrobble/ScrobbleInteractor.swift; sourceTree = SOURCE_ROOT; };
		53825BD01F803F3400566F2C /* Song.swift */ = {isa = PBXFileReference; lastKnownFileType = sourcecode.swift; path = Song.swift; sourceTree = "<group>"; };
		53ACED661F8160F6008BAB39 /* User.swift */ = {isa = PBXFileReference; lastKnownFileType = sourcecode.swift; path = User.swift; sourceTree = "<group>"; };
		53B06FE21F83E88300FC9AB9 /* JFLib.xcodeproj */ = {isa = PBXFileReference; lastKnownFileType = "wrapper.pb-project"; name = JFLib.xcodeproj; path = ../JFLib/JFLib.xcodeproj; sourceTree = "<group>"; };
		53B06FEB1F83E8B200FC9AB9 /* SSTextField.swift */ = {isa = PBXFileReference; lastKnownFileType = sourcecode.swift; path = SSTextField.swift; sourceTree = "<group>"; };
		53D6AD061F826B5E005F6972 /* SignInPresenter.swift */ = {isa = PBXFileReference; lastKnownFileType = sourcecode.swift; path = SignInPresenter.swift; sourceTree = "<group>"; };
		53D6AD071F826B5E005F6972 /* SignInWorker.swift */ = {isa = PBXFileReference; lastKnownFileType = sourcecode.swift; path = SignInWorker.swift; sourceTree = "<group>"; };
		53D6AD081F826B5E005F6972 /* SignInRouter.swift */ = {isa = PBXFileReference; lastKnownFileType = sourcecode.swift; path = SignInRouter.swift; sourceTree = "<group>"; };
		53D6AD091F826B5E005F6972 /* SignInModels.swift */ = {isa = PBXFileReference; lastKnownFileType = sourcecode.swift; path = SignInModels.swift; sourceTree = "<group>"; };
		53D6AD0A1F826B5E005F6972 /* SignInViewController.swift */ = {isa = PBXFileReference; lastKnownFileType = sourcecode.swift; path = SignInViewController.swift; sourceTree = "<group>"; };
		53D6AD0B1F826B5E005F6972 /* SignInInteractor.swift */ = {isa = PBXFileReference; lastKnownFileType = sourcecode.swift; path = SignInInteractor.swift; sourceTree = "<group>"; };
		53D6AD1A1F82AD81005F6972 /* JFLib.framework */ = {isa = PBXFileReference; explicitFileType = wrapper.framework; path = JFLib.framework; sourceTree = BUILT_PRODUCTS_DIR; };
		53D9B5751F8156F300C8581B /* Database.swift */ = {isa = PBXFileReference; lastKnownFileType = sourcecode.swift; path = Database.swift; sourceTree = "<group>"; };
		53FA51041F83F77D00F816B9 /* FloatingLabelTextField.swift */ = {isa = PBXFileReference; lastKnownFileType = sourcecode.swift; path = FloatingLabelTextField.swift; sourceTree = "<group>"; };
		6D10BF47460D0F29D65529E7 /* Pods-SimpleScrob.debug.xcconfig */ = {isa = PBXFileReference; includeInIndex = 1; lastKnownFileType = text.xcconfig; name = "Pods-SimpleScrob.debug.xcconfig"; path = "Pods/Target Support Files/Pods-SimpleScrob/Pods-SimpleScrob.debug.xcconfig"; sourceTree = "<group>"; };
		7D35E46A2C0AB96A2F7067B1 /* Pods-SimpleScrobUITests.debug.xcconfig */ = {isa = PBXFileReference; includeInIndex = 1; lastKnownFileType = text.xcconfig; name = "Pods-SimpleScrobUITests.debug.xcconfig"; path = "Pods/Target Support Files/Pods-SimpleScrobUITests/Pods-SimpleScrobUITests.debug.xcconfig"; sourceTree = "<group>"; };
		8AF97AADA51D9B4163C05B2E /* Pods-SimpleScrobTests.debug.xcconfig */ = {isa = PBXFileReference; includeInIndex = 1; lastKnownFileType = text.xcconfig; name = "Pods-SimpleScrobTests.debug.xcconfig"; path = "Pods/Target Support Files/Pods-SimpleScrobTests/Pods-SimpleScrobTests.debug.xcconfig"; sourceTree = "<group>"; };
		8C9D817B21A4FCEEB779CFFE /* Pods-SimpleScrobUITests.release.xcconfig */ = {isa = PBXFileReference; includeInIndex = 1; lastKnownFileType = text.xcconfig; name = "Pods-SimpleScrobUITests.release.xcconfig"; path = "Pods/Target Support Files/Pods-SimpleScrobUITests/Pods-SimpleScrobUITests.release.xcconfig"; sourceTree = "<group>"; };
		B994350F573FE6631D75B10A /* Pods_SimpleScrob.framework */ = {isa = PBXFileReference; explicitFileType = wrapper.framework; includeInIndex = 0; path = Pods_SimpleScrob.framework; sourceTree = BUILT_PRODUCTS_DIR; };
		FA95CEA86793508E6B319928 /* Pods_SimpleScrobTests.framework */ = {isa = PBXFileReference; explicitFileType = wrapper.framework; includeInIndex = 0; path = Pods_SimpleScrobTests.framework; sourceTree = BUILT_PRODUCTS_DIR; };
/* End PBXFileReference section */

/* Begin PBXFrameworksBuildPhase section */
		53825B811F7E8CC600566F2C /* Frameworks */ = {
			isa = PBXFrameworksBuildPhase;
			buildActionMask = 2147483647;
			files = (
				53D6AD1B1F82AD81005F6972 /* JFLib.framework in Frameworks */,
				FB72D7E700FB5B3BD29D5C22 /* Pods_SimpleScrob.framework in Frameworks */,
			);
			runOnlyForDeploymentPostprocessing = 0;
		};
		53825B951F7E8CC700566F2C /* Frameworks */ = {
			isa = PBXFrameworksBuildPhase;
			buildActionMask = 2147483647;
			files = (
				50A7359987A4C112D17A5535 /* Pods_SimpleScrobTests.framework in Frameworks */,
			);
			runOnlyForDeploymentPostprocessing = 0;
		};
		53825BA01F7E8CC700566F2C /* Frameworks */ = {
			isa = PBXFrameworksBuildPhase;
			buildActionMask = 2147483647;
			files = (
				18C6D8AE86E6F68E803FFABA /* Pods_SimpleScrobUITests.framework in Frameworks */,
			);
			runOnlyForDeploymentPostprocessing = 0;
		};
/* End PBXFrameworksBuildPhase section */

/* Begin PBXGroup section */
		535A949A1F83E74A00375D4E /* Views */ = {
			isa = PBXGroup;
			children = (
				535A949D1F83E81100375D4E /* SSTextField.xib */,
				53B06FEB1F83E8B200FC9AB9 /* SSTextField.swift */,
				53FA51041F83F77D00F816B9 /* FloatingLabelTextField.swift */,
			);
			path = Views;
			sourceTree = "<group>";
		};
		53825B7B1F7E8CC600566F2C = {
			isa = PBXGroup;
			children = (
				53075DE91F85425800A19189 /* Podfile */,
				53D6AD1A1F82AD81005F6972 /* JFLib.framework */,
				53825B861F7E8CC600566F2C /* SimpleScrob */,
				53825B9B1F7E8CC700566F2C /* SimpleScrobTests */,
				53825BA61F7E8CC700566F2C /* SimpleScrobUITests */,
				53825B851F7E8CC600566F2C /* Products */,
				53B06FE21F83E88300FC9AB9 /* JFLib.xcodeproj */,
				728B77057A57B72B501EECBB /* Pods */,
				A1FA56A295052E966EAACAA5 /* Frameworks */,
			);
			sourceTree = "<group>";
		};
		53825B851F7E8CC600566F2C /* Products */ = {
			isa = PBXGroup;
			children = (
				53825B841F7E8CC600566F2C /* SimpleScrob.app */,
				53825B981F7E8CC700566F2C /* SimpleScrobTests.xctest */,
				53825BA31F7E8CC700566F2C /* SimpleScrobUITests.xctest */,
			);
			name = Products;
			sourceTree = "<group>";
		};
		53825B861F7E8CC600566F2C /* SimpleScrob */ = {
			isa = PBXGroup;
			children = (
				535A949A1F83E74A00375D4E /* Views */,
				53825BCF1F803F2400566F2C /* Models */,
				53825BCE1F80330E00566F2C /* Services */,
				53825BCD1F80330400566F2C /* Utilities */,
				53825BBF1F80325400566F2C /* Scenes */,
				53825B871F7E8CC600566F2C /* AppDelegate.swift */,
				5316A6541F82CBD6005193EB /* SimpleScrob.xcdatamodeld */,
				53825B8B1F7E8CC600566F2C /* Main.storyboard */,
				53825B8E1F7E8CC600566F2C /* Assets.xcassets */,
				53825B901F7E8CC600566F2C /* LaunchScreen.storyboard */,
				53825B931F7E8CC600566F2C /* Info.plist */,
			);
			path = SimpleScrob;
			sourceTree = "<group>";
		};
		53825B9B1F7E8CC700566F2C /* SimpleScrobTests */ = {
			isa = PBXGroup;
			children = (
				53825B9C1F7E8CC700566F2C /* SimpleScrobTests.swift */,
				53825B9E1F7E8CC700566F2C /* Info.plist */,
			);
			path = SimpleScrobTests;
			sourceTree = "<group>";
		};
		53825BA61F7E8CC700566F2C /* SimpleScrobUITests */ = {
			isa = PBXGroup;
			children = (
				53825BA71F7E8CC700566F2C /* SimpleScrobUITests.swift */,
				53825BA91F7E8CC700566F2C /* Info.plist */,
			);
			path = SimpleScrobUITests;
			sourceTree = "<group>";
		};
		53825BBF1F80325400566F2C /* Scenes */ = {
			isa = PBXGroup;
			children = (
				53D6AD051F826B49005F6972 /* SignIn */,
				53825BC01F80325C00566F2C /* Scrobble */,
			);
			path = Scenes;
			sourceTree = "<group>";
		};
		53825BC01F80325C00566F2C /* Scrobble */ = {
			isa = PBXGroup;
			children = (
				53825BC51F8032CF00566F2C /* ScrobbleViewController.swift */,
				53825BC61F8032CF00566F2C /* ScrobbleInteractor.swift */,
				53825BC11F8032CF00566F2C /* ScrobblePresenter.swift */,
				53825BC21F8032CF00566F2C /* ScrobbleWorker.swift */,
				53825BC31F8032CF00566F2C /* ScrobbleRouter.swift */,
				53825BC41F8032CF00566F2C /* ScrobbleModels.swift */,
				53825BB51F7EE22100566F2C /* MediaAuthPrimerView.xib */,
				53825BB91F7EE53E00566F2C /* MediaAuthPrimerView.swift */,
			);
			path = Scrobble;
			sourceTree = "<group>";
		};
		53825BCD1F80330400566F2C /* Utilities */ = {
			isa = PBXGroup;
			children = (
				53825BB71F7EE4FD00566F2C /* UIViewLoading.swift */,
			);
			path = Utilities;
			sourceTree = "<group>";
		};
		53825BCE1F80330E00566F2C /* Services */ = {
			isa = PBXGroup;
			children = (
				53825BBB1F802A3100566F2C /* LastFM.swift */,
				53825BBD1F802C7700566F2C /* MediaLibrary.swift */,
				53D9B5751F8156F300C8581B /* Database.swift */,
				5316A6501F82BFB5005193EB /* SongScanner.swift */,
			);
			path = Services;
			sourceTree = "<group>";
		};
		53825BCF1F803F2400566F2C /* Models */ = {
			isa = PBXGroup;
			children = (
				53825BD01F803F3400566F2C /* Song.swift */,
				53ACED661F8160F6008BAB39 /* User.swift */,
			);
			path = Models;
			sourceTree = "<group>";
		};
		53B06FE31F83E88300FC9AB9 /* Products */ = {
			isa = PBXGroup;
			children = (
				53B06FE81F83E88300FC9AB9 /* JFLib.framework */,
				53B06FEA1F83E88300FC9AB9 /* JFLibTests.xctest */,
			);
			name = Products;
			sourceTree = "<group>";
		};
		53D6AD051F826B49005F6972 /* SignIn */ = {
			isa = PBXGroup;
			children = (
				53D6AD061F826B5E005F6972 /* SignInPresenter.swift */,
				53D6AD071F826B5E005F6972 /* SignInWorker.swift */,
				53D6AD081F826B5E005F6972 /* SignInRouter.swift */,
				53D6AD091F826B5E005F6972 /* SignInModels.swift */,
				53D6AD0A1F826B5E005F6972 /* SignInViewController.swift */,
				53D6AD0B1F826B5E005F6972 /* SignInInteractor.swift */,
			);
			path = SignIn;
			sourceTree = "<group>";
		};
		728B77057A57B72B501EECBB /* Pods */ = {
			isa = PBXGroup;
			children = (
				6D10BF47460D0F29D65529E7 /* Pods-SimpleScrob.debug.xcconfig */,
				3E5D420393C7E496D31A4C73 /* Pods-SimpleScrob.release.xcconfig */,
				8AF97AADA51D9B4163C05B2E /* Pods-SimpleScrobTests.debug.xcconfig */,
				4834C745F470D255FABD22BB /* Pods-SimpleScrobTests.release.xcconfig */,
				7D35E46A2C0AB96A2F7067B1 /* Pods-SimpleScrobUITests.debug.xcconfig */,
				8C9D817B21A4FCEEB779CFFE /* Pods-SimpleScrobUITests.release.xcconfig */,
			);
			name = Pods;
			sourceTree = "<group>";
		};
		A1FA56A295052E966EAACAA5 /* Frameworks */ = {
			isa = PBXGroup;
			children = (
				B994350F573FE6631D75B10A /* Pods_SimpleScrob.framework */,
				FA95CEA86793508E6B319928 /* Pods_SimpleScrobTests.framework */,
				05BB0A066C070FA24C96CF74 /* Pods_SimpleScrobUITests.framework */,
			);
			name = Frameworks;
			sourceTree = "<group>";
		};
/* End PBXGroup section */

/* Begin PBXNativeTarget section */
		53825B831F7E8CC600566F2C /* SimpleScrob */ = {
			isa = PBXNativeTarget;
			buildConfigurationList = 53825BAC1F7E8CC700566F2C /* Build configuration list for PBXNativeTarget "SimpleScrob" */;
			buildPhases = (
				AAEE1CBC0B9A04F23AC252AB /* [CP] Check Pods Manifest.lock */,
				53825B801F7E8CC600566F2C /* Sources */,
				53825B811F7E8CC600566F2C /* Frameworks */,
				53825B821F7E8CC600566F2C /* Resources */,
				53D6AD1D1F82AD82005F6972 /* Embed Frameworks */,
				0AC90B05616E7874942B2D6F /* [CP] Embed Pods Frameworks */,
				0C32E4B76EAAE77095D80CE2 /* [CP] Copy Pods Resources */,
			);
			buildRules = (
			);
			dependencies = (
			);
			name = SimpleScrob;
			productName = SimpleScrob;
			productReference = 53825B841F7E8CC600566F2C /* SimpleScrob.app */;
			productType = "com.apple.product-type.application";
		};
		53825B971F7E8CC700566F2C /* SimpleScrobTests */ = {
			isa = PBXNativeTarget;
			buildConfigurationList = 53825BAF1F7E8CC700566F2C /* Build configuration list for PBXNativeTarget "SimpleScrobTests" */;
			buildPhases = (
				638ED93FDF6FE92BC230EDB1 /* [CP] Check Pods Manifest.lock */,
				53825B941F7E8CC700566F2C /* Sources */,
				53825B951F7E8CC700566F2C /* Frameworks */,
				53825B961F7E8CC700566F2C /* Resources */,
				B8BC72ACF413D51FDCF53E02 /* [CP] Embed Pods Frameworks */,
				C8024E4D49C368ABCDE9D327 /* [CP] Copy Pods Resources */,
			);
			buildRules = (
			);
			dependencies = (
				53825B9A1F7E8CC700566F2C /* PBXTargetDependency */,
			);
			name = SimpleScrobTests;
			productName = SimpleScrobTests;
			productReference = 53825B981F7E8CC700566F2C /* SimpleScrobTests.xctest */;
			productType = "com.apple.product-type.bundle.unit-test";
		};
		53825BA21F7E8CC700566F2C /* SimpleScrobUITests */ = {
			isa = PBXNativeTarget;
			buildConfigurationList = 53825BB21F7E8CC700566F2C /* Build configuration list for PBXNativeTarget "SimpleScrobUITests" */;
			buildPhases = (
				15F8FE463CB68D42D6BA4368 /* [CP] Check Pods Manifest.lock */,
				53825B9F1F7E8CC700566F2C /* Sources */,
				53825BA01F7E8CC700566F2C /* Frameworks */,
				53825BA11F7E8CC700566F2C /* Resources */,
				F55D1E58F6759F7B3E559129 /* [CP] Embed Pods Frameworks */,
				88CFA439D99042F0B34568B5 /* [CP] Copy Pods Resources */,
			);
			buildRules = (
			);
			dependencies = (
				53825BA51F7E8CC700566F2C /* PBXTargetDependency */,
			);
			name = SimpleScrobUITests;
			productName = SimpleScrobUITests;
			productReference = 53825BA31F7E8CC700566F2C /* SimpleScrobUITests.xctest */;
			productType = "com.apple.product-type.bundle.ui-testing";
		};
/* End PBXNativeTarget section */

/* Begin PBXProject section */
		53825B7C1F7E8CC600566F2C /* Project object */ = {
			isa = PBXProject;
			attributes = {
				LastSwiftUpdateCheck = 0900;
				LastUpgradeCheck = 0900;
				ORGANIZATIONNAME = "Josh Freed";
				TargetAttributes = {
					53825B831F7E8CC600566F2C = {
						CreatedOnToolsVersion = 9.0;
						ProvisioningStyle = Automatic;
					};
					53825B971F7E8CC700566F2C = {
						CreatedOnToolsVersion = 9.0;
						ProvisioningStyle = Automatic;
						TestTargetID = 53825B831F7E8CC600566F2C;
					};
					53825BA21F7E8CC700566F2C = {
						CreatedOnToolsVersion = 9.0;
						ProvisioningStyle = Automatic;
						TestTargetID = 53825B831F7E8CC600566F2C;
					};
				};
			};
			buildConfigurationList = 53825B7F1F7E8CC600566F2C /* Build configuration list for PBXProject "SimpleScrob" */;
			compatibilityVersion = "Xcode 8.0";
			developmentRegion = en;
			hasScannedForEncodings = 0;
			knownRegions = (
				en,
				Base,
			);
			mainGroup = 53825B7B1F7E8CC600566F2C;
			productRefGroup = 53825B851F7E8CC600566F2C /* Products */;
			projectDirPath = "";
			projectReferences = (
				{
					ProductGroup = 53B06FE31F83E88300FC9AB9 /* Products */;
					ProjectRef = 53B06FE21F83E88300FC9AB9 /* JFLib.xcodeproj */;
				},
			);
			projectRoot = "";
			targets = (
				53825B831F7E8CC600566F2C /* SimpleScrob */,
				53825B971F7E8CC700566F2C /* SimpleScrobTests */,
				53825BA21F7E8CC700566F2C /* SimpleScrobUITests */,
			);
		};
/* End PBXProject section */

/* Begin PBXReferenceProxy section */
		53B06FE81F83E88300FC9AB9 /* JFLib.framework */ = {
			isa = PBXReferenceProxy;
			fileType = wrapper.framework;
			path = JFLib.framework;
			remoteRef = 53B06FE71F83E88300FC9AB9 /* PBXContainerItemProxy */;
			sourceTree = BUILT_PRODUCTS_DIR;
		};
		53B06FEA1F83E88300FC9AB9 /* JFLibTests.xctest */ = {
			isa = PBXReferenceProxy;
			fileType = wrapper.cfbundle;
			path = JFLibTests.xctest;
			remoteRef = 53B06FE91F83E88300FC9AB9 /* PBXContainerItemProxy */;
			sourceTree = BUILT_PRODUCTS_DIR;
		};
/* End PBXReferenceProxy section */

/* Begin PBXResourcesBuildPhase section */
		53825B821F7E8CC600566F2C /* Resources */ = {
			isa = PBXResourcesBuildPhase;
			buildActionMask = 2147483647;
			files = (
				53075DEC1F85425800A19189 /* Podfile in Resources */,
				53825BB61F7EE22100566F2C /* MediaAuthPrimerView.xib in Resources */,
				53825B921F7E8CC600566F2C /* LaunchScreen.storyboard in Resources */,
				53B06FEF1F83EE7200FC9AB9 /* SSTextField.xib in Resources */,
				53825B8F1F7E8CC600566F2C /* Assets.xcassets in Resources */,
				53825B8D1F7E8CC600566F2C /* Main.storyboard in Resources */,
			);
			runOnlyForDeploymentPostprocessing = 0;
		};
		53825B961F7E8CC700566F2C /* Resources */ = {
			isa = PBXResourcesBuildPhase;
			buildActionMask = 2147483647;
			files = (
			);
			runOnlyForDeploymentPostprocessing = 0;
		};
		53825BA11F7E8CC700566F2C /* Resources */ = {
			isa = PBXResourcesBuildPhase;
			buildActionMask = 2147483647;
			files = (
			);
			runOnlyForDeploymentPostprocessing = 0;
		};
/* End PBXResourcesBuildPhase section */

/* Begin PBXShellScriptBuildPhase section */
		0AC90B05616E7874942B2D6F /* [CP] Embed Pods Frameworks */ = {
			isa = PBXShellScriptBuildPhase;
			buildActionMask = 2147483647;
			files = (
			);
			inputPaths = (
				"${SRCROOT}/Pods/Target Support Files/Pods-SimpleScrob/Pods-SimpleScrob-frameworks.sh",
				"${BUILT_PRODUCTS_DIR}/Alamofire/Alamofire.framework",
			);
			name = "[CP] Embed Pods Frameworks";
			outputPaths = (
				"${TARGET_BUILD_DIR}/${FRAMEWORKS_FOLDER_PATH}/Alamofire.framework",
			);
			runOnlyForDeploymentPostprocessing = 0;
			shellPath = /bin/sh;
			shellScript = "\"${SRCROOT}/Pods/Target Support Files/Pods-SimpleScrob/Pods-SimpleScrob-frameworks.sh\"\n";
			showEnvVarsInLog = 0;
		};
		0C32E4B76EAAE77095D80CE2 /* [CP] Copy Pods Resources */ = {
			isa = PBXShellScriptBuildPhase;
			buildActionMask = 2147483647;
			files = (
			);
			inputPaths = (
			);
			name = "[CP] Copy Pods Resources";
			outputPaths = (
			);
			runOnlyForDeploymentPostprocessing = 0;
			shellPath = /bin/sh;
			shellScript = "\"${SRCROOT}/Pods/Target Support Files/Pods-SimpleScrob/Pods-SimpleScrob-resources.sh\"\n";
			showEnvVarsInLog = 0;
		};
		15F8FE463CB68D42D6BA4368 /* [CP] Check Pods Manifest.lock */ = {
			isa = PBXShellScriptBuildPhase;
			buildActionMask = 2147483647;
			files = (
			);
			inputPaths = (
				"${PODS_PODFILE_DIR_PATH}/Podfile.lock",
				"${PODS_ROOT}/Manifest.lock",
			);
			name = "[CP] Check Pods Manifest.lock";
			outputPaths = (
				"$(DERIVED_FILE_DIR)/Pods-SimpleScrobUITests-checkManifestLockResult.txt",
			);
			runOnlyForDeploymentPostprocessing = 0;
			shellPath = /bin/sh;
			shellScript = "diff \"${PODS_PODFILE_DIR_PATH}/Podfile.lock\" \"${PODS_ROOT}/Manifest.lock\" > /dev/null\nif [ $? != 0 ] ; then\n    # print error to STDERR\n    echo \"error: The sandbox is not in sync with the Podfile.lock. Run 'pod install' or update your CocoaPods installation.\" >&2\n    exit 1\nfi\n# This output is used by Xcode 'outputs' to avoid re-running this script phase.\necho \"SUCCESS\" > \"${SCRIPT_OUTPUT_FILE_0}\"\n";
			showEnvVarsInLog = 0;
		};
		638ED93FDF6FE92BC230EDB1 /* [CP] Check Pods Manifest.lock */ = {
			isa = PBXShellScriptBuildPhase;
			buildActionMask = 2147483647;
			files = (
			);
			inputPaths = (
				"${PODS_PODFILE_DIR_PATH}/Podfile.lock",
				"${PODS_ROOT}/Manifest.lock",
			);
			name = "[CP] Check Pods Manifest.lock";
			outputPaths = (
				"$(DERIVED_FILE_DIR)/Pods-SimpleScrobTests-checkManifestLockResult.txt",
			);
			runOnlyForDeploymentPostprocessing = 0;
			shellPath = /bin/sh;
			shellScript = "diff \"${PODS_PODFILE_DIR_PATH}/Podfile.lock\" \"${PODS_ROOT}/Manifest.lock\" > /dev/null\nif [ $? != 0 ] ; then\n    # print error to STDERR\n    echo \"error: The sandbox is not in sync with the Podfile.lock. Run 'pod install' or update your CocoaPods installation.\" >&2\n    exit 1\nfi\n# This output is used by Xcode 'outputs' to avoid re-running this script phase.\necho \"SUCCESS\" > \"${SCRIPT_OUTPUT_FILE_0}\"\n";
			showEnvVarsInLog = 0;
		};
		88CFA439D99042F0B34568B5 /* [CP] Copy Pods Resources */ = {
			isa = PBXShellScriptBuildPhase;
			buildActionMask = 2147483647;
			files = (
			);
			inputPaths = (
			);
			name = "[CP] Copy Pods Resources";
			outputPaths = (
			);
			runOnlyForDeploymentPostprocessing = 0;
			shellPath = /bin/sh;
			shellScript = "\"${SRCROOT}/Pods/Target Support Files/Pods-SimpleScrobUITests/Pods-SimpleScrobUITests-resources.sh\"\n";
			showEnvVarsInLog = 0;
		};
		AAEE1CBC0B9A04F23AC252AB /* [CP] Check Pods Manifest.lock */ = {
			isa = PBXShellScriptBuildPhase;
			buildActionMask = 2147483647;
			files = (
			);
			inputPaths = (
				"${PODS_PODFILE_DIR_PATH}/Podfile.lock",
				"${PODS_ROOT}/Manifest.lock",
			);
			name = "[CP] Check Pods Manifest.lock";
			outputPaths = (
				"$(DERIVED_FILE_DIR)/Pods-SimpleScrob-checkManifestLockResult.txt",
			);
			runOnlyForDeploymentPostprocessing = 0;
			shellPath = /bin/sh;
			shellScript = "diff \"${PODS_PODFILE_DIR_PATH}/Podfile.lock\" \"${PODS_ROOT}/Manifest.lock\" > /dev/null\nif [ $? != 0 ] ; then\n    # print error to STDERR\n    echo \"error: The sandbox is not in sync with the Podfile.lock. Run 'pod install' or update your CocoaPods installation.\" >&2\n    exit 1\nfi\n# This output is used by Xcode 'outputs' to avoid re-running this script phase.\necho \"SUCCESS\" > \"${SCRIPT_OUTPUT_FILE_0}\"\n";
			showEnvVarsInLog = 0;
		};
		B8BC72ACF413D51FDCF53E02 /* [CP] Embed Pods Frameworks */ = {
			isa = PBXShellScriptBuildPhase;
			buildActionMask = 2147483647;
			files = (
			);
			inputPaths = (
			);
			name = "[CP] Embed Pods Frameworks";
			outputPaths = (
			);
			runOnlyForDeploymentPostprocessing = 0;
			shellPath = /bin/sh;
			shellScript = "\"${SRCROOT}/Pods/Target Support Files/Pods-SimpleScrobTests/Pods-SimpleScrobTests-frameworks.sh\"\n";
			showEnvVarsInLog = 0;
		};
		C8024E4D49C368ABCDE9D327 /* [CP] Copy Pods Resources */ = {
			isa = PBXShellScriptBuildPhase;
			buildActionMask = 2147483647;
			files = (
			);
			inputPaths = (
			);
			name = "[CP] Copy Pods Resources";
			outputPaths = (
			);
			runOnlyForDeploymentPostprocessing = 0;
			shellPath = /bin/sh;
			shellScript = "\"${SRCROOT}/Pods/Target Support Files/Pods-SimpleScrobTests/Pods-SimpleScrobTests-resources.sh\"\n";
			showEnvVarsInLog = 0;
		};
		F55D1E58F6759F7B3E559129 /* [CP] Embed Pods Frameworks */ = {
			isa = PBXShellScriptBuildPhase;
			buildActionMask = 2147483647;
			files = (
			);
			inputPaths = (
			);
			name = "[CP] Embed Pods Frameworks";
			outputPaths = (
			);
			runOnlyForDeploymentPostprocessing = 0;
			shellPath = /bin/sh;
			shellScript = "\"${SRCROOT}/Pods/Target Support Files/Pods-SimpleScrobUITests/Pods-SimpleScrobUITests-frameworks.sh\"\n";
			showEnvVarsInLog = 0;
		};
/* End PBXShellScriptBuildPhase section */

/* Begin PBXSourcesBuildPhase section */
		53825B801F7E8CC600566F2C /* Sources */ = {
			isa = PBXSourcesBuildPhase;
			buildActionMask = 2147483647;
			files = (
				53D6AD0E1F826B5E005F6972 /* SignInRouter.swift in Sources */,
				53D6AD0C1F826B5E005F6972 /* SignInPresenter.swift in Sources */,
				53825BD11F803F3400566F2C /* Song.swift in Sources */,
				53D6AD0F1F826B5E005F6972 /* SignInModels.swift in Sources */,
				53FA51051F83F77D00F816B9 /* FloatingLabelTextField.swift in Sources */,
				53825BBA1F7EE53E00566F2C /* MediaAuthPrimerView.swift in Sources */,
				53D6AD111F826B5E005F6972 /* SignInInteractor.swift in Sources */,
				53825BBE1F802C7700566F2C /* MediaLibrary.swift in Sources */,
				53825BCB1F8032CF00566F2C /* ScrobbleViewController.swift in Sources */,
				53825BCA1F8032CF00566F2C /* ScrobbleModels.swift in Sources */,
				53D6AD101F826B5E005F6972 /* SignInViewController.swift in Sources */,
				53825B881F7E8CC600566F2C /* AppDelegate.swift in Sources */,
				53B06FEC1F83E8B200FC9AB9 /* SSTextField.swift in Sources */,
				53ACED671F8160F6008BAB39 /* User.swift in Sources */,
				53D6AD0D1F826B5E005F6972 /* SignInWorker.swift in Sources */,
				53825BC71F8032CF00566F2C /* ScrobblePresenter.swift in Sources */,
				53825BC81F8032CF00566F2C /* ScrobbleWorker.swift in Sources */,
				53825BB81F7EE4FD00566F2C /* UIViewLoading.swift in Sources */,
				53825BBC1F802A3100566F2C /* LastFM.swift in Sources */,
				5316A6511F82BFB5005193EB /* SongScanner.swift in Sources */,
				53825BCC1F8032CF00566F2C /* ScrobbleInteractor.swift in Sources */,
				5316A6561F82CBD7005193EB /* SimpleScrob.xcdatamodeld in Sources */,
				53D9B5761F8156F300C8581B /* Database.swift in Sources */,
				53825BC91F8032CF00566F2C /* ScrobbleRouter.swift in Sources */,
			);
			runOnlyForDeploymentPostprocessing = 0;
		};
		53825B941F7E8CC700566F2C /* Sources */ = {
			isa = PBXSourcesBuildPhase;
			buildActionMask = 2147483647;
			files = (
				53825B9D1F7E8CC700566F2C /* SimpleScrobTests.swift in Sources */,
			);
			runOnlyForDeploymentPostprocessing = 0;
		};
		53825B9F1F7E8CC700566F2C /* Sources */ = {
			isa = PBXSourcesBuildPhase;
			buildActionMask = 2147483647;
			files = (
				53825BA81F7E8CC700566F2C /* SimpleScrobUITests.swift in Sources */,
			);
			runOnlyForDeploymentPostprocessing = 0;
		};
/* End PBXSourcesBuildPhase section */

/* Begin PBXTargetDependency section */
		53825B9A1F7E8CC700566F2C /* PBXTargetDependency */ = {
			isa = PBXTargetDependency;
			target = 53825B831F7E8CC600566F2C /* SimpleScrob */;
			targetProxy = 53825B991F7E8CC700566F2C /* PBXContainerItemProxy */;
		};
		53825BA51F7E8CC700566F2C /* PBXTargetDependency */ = {
			isa = PBXTargetDependency;
			target = 53825B831F7E8CC600566F2C /* SimpleScrob */;
			targetProxy = 53825BA41F7E8CC700566F2C /* PBXContainerItemProxy */;
		};
/* End PBXTargetDependency section */

/* Begin PBXVariantGroup section */
		53825B8B1F7E8CC600566F2C /* Main.storyboard */ = {
			isa = PBXVariantGroup;
			children = (
				53825B8C1F7E8CC600566F2C /* Base */,
			);
			name = Main.storyboard;
			sourceTree = "<group>";
		};
		53825B901F7E8CC600566F2C /* LaunchScreen.storyboard */ = {
			isa = PBXVariantGroup;
			children = (
				53825B911F7E8CC600566F2C /* Base */,
			);
			name = LaunchScreen.storyboard;
			sourceTree = "<group>";
		};
/* End PBXVariantGroup section */

/* Begin XCBuildConfiguration section */
		53825BAA1F7E8CC700566F2C /* Debug */ = {
			isa = XCBuildConfiguration;
			buildSettings = {
				ALWAYS_SEARCH_USER_PATHS = NO;
				CLANG_ANALYZER_NONNULL = YES;
				CLANG_ANALYZER_NUMBER_OBJECT_CONVERSION = YES_AGGRESSIVE;
				CLANG_CXX_LANGUAGE_STANDARD = "gnu++14";
				CLANG_CXX_LIBRARY = "libc++";
				CLANG_ENABLE_MODULES = YES;
				CLANG_ENABLE_OBJC_ARC = YES;
				CLANG_WARN_BLOCK_CAPTURE_AUTORELEASING = YES;
				CLANG_WARN_BOOL_CONVERSION = YES;
				CLANG_WARN_COMMA = YES;
				CLANG_WARN_CONSTANT_CONVERSION = YES;
				CLANG_WARN_DIRECT_OBJC_ISA_USAGE = YES_ERROR;
				CLANG_WARN_DOCUMENTATION_COMMENTS = YES;
				CLANG_WARN_EMPTY_BODY = YES;
				CLANG_WARN_ENUM_CONVERSION = YES;
				CLANG_WARN_INFINITE_RECURSION = YES;
				CLANG_WARN_INT_CONVERSION = YES;
				CLANG_WARN_NON_LITERAL_NULL_CONVERSION = YES;
				CLANG_WARN_OBJC_LITERAL_CONVERSION = YES;
				CLANG_WARN_OBJC_ROOT_CLASS = YES_ERROR;
				CLANG_WARN_RANGE_LOOP_ANALYSIS = YES;
				CLANG_WARN_STRICT_PROTOTYPES = YES;
				CLANG_WARN_SUSPICIOUS_MOVE = YES;
				CLANG_WARN_UNGUARDED_AVAILABILITY = YES_AGGRESSIVE;
				CLANG_WARN_UNREACHABLE_CODE = YES;
				CLANG_WARN__DUPLICATE_METHOD_MATCH = YES;
				CODE_SIGN_IDENTITY = "iPhone Developer";
				COPY_PHASE_STRIP = NO;
				DEBUG_INFORMATION_FORMAT = dwarf;
				ENABLE_STRICT_OBJC_MSGSEND = YES;
				ENABLE_TESTABILITY = YES;
				GCC_C_LANGUAGE_STANDARD = gnu11;
				GCC_DYNAMIC_NO_PIC = NO;
				GCC_NO_COMMON_BLOCKS = YES;
				GCC_OPTIMIZATION_LEVEL = 0;
				GCC_PREPROCESSOR_DEFINITIONS = (
					"DEBUG=1",
					"$(inherited)",
				);
				GCC_WARN_64_TO_32_BIT_CONVERSION = YES;
				GCC_WARN_ABOUT_RETURN_TYPE = YES_ERROR;
				GCC_WARN_UNDECLARED_SELECTOR = YES;
				GCC_WARN_UNINITIALIZED_AUTOS = YES_AGGRESSIVE;
				GCC_WARN_UNUSED_FUNCTION = YES;
				GCC_WARN_UNUSED_VARIABLE = YES;
				IPHONEOS_DEPLOYMENT_TARGET = 11.0;
				MTL_ENABLE_DEBUG_INFO = YES;
				ONLY_ACTIVE_ARCH = YES;
				SDKROOT = iphoneos;
				SWIFT_ACTIVE_COMPILATION_CONDITIONS = DEBUG;
				SWIFT_OPTIMIZATION_LEVEL = "-Onone";
			};
			name = Debug;
		};
		53825BAB1F7E8CC700566F2C /* Release */ = {
			isa = XCBuildConfiguration;
			buildSettings = {
				ALWAYS_SEARCH_USER_PATHS = NO;
				CLANG_ANALYZER_NONNULL = YES;
				CLANG_ANALYZER_NUMBER_OBJECT_CONVERSION = YES_AGGRESSIVE;
				CLANG_CXX_LANGUAGE_STANDARD = "gnu++14";
				CLANG_CXX_LIBRARY = "libc++";
				CLANG_ENABLE_MODULES = YES;
				CLANG_ENABLE_OBJC_ARC = YES;
				CLANG_WARN_BLOCK_CAPTURE_AUTORELEASING = YES;
				CLANG_WARN_BOOL_CONVERSION = YES;
				CLANG_WARN_COMMA = YES;
				CLANG_WARN_CONSTANT_CONVERSION = YES;
				CLANG_WARN_DIRECT_OBJC_ISA_USAGE = YES_ERROR;
				CLANG_WARN_DOCUMENTATION_COMMENTS = YES;
				CLANG_WARN_EMPTY_BODY = YES;
				CLANG_WARN_ENUM_CONVERSION = YES;
				CLANG_WARN_INFINITE_RECURSION = YES;
				CLANG_WARN_INT_CONVERSION = YES;
				CLANG_WARN_NON_LITERAL_NULL_CONVERSION = YES;
				CLANG_WARN_OBJC_LITERAL_CONVERSION = YES;
				CLANG_WARN_OBJC_ROOT_CLASS = YES_ERROR;
				CLANG_WARN_RANGE_LOOP_ANALYSIS = YES;
				CLANG_WARN_STRICT_PROTOTYPES = YES;
				CLANG_WARN_SUSPICIOUS_MOVE = YES;
				CLANG_WARN_UNGUARDED_AVAILABILITY = YES_AGGRESSIVE;
				CLANG_WARN_UNREACHABLE_CODE = YES;
				CLANG_WARN__DUPLICATE_METHOD_MATCH = YES;
				CODE_SIGN_IDENTITY = "iPhone Developer";
				COPY_PHASE_STRIP = NO;
				DEBUG_INFORMATION_FORMAT = "dwarf-with-dsym";
				ENABLE_NS_ASSERTIONS = NO;
				ENABLE_STRICT_OBJC_MSGSEND = YES;
				GCC_C_LANGUAGE_STANDARD = gnu11;
				GCC_NO_COMMON_BLOCKS = YES;
				GCC_WARN_64_TO_32_BIT_CONVERSION = YES;
				GCC_WARN_ABOUT_RETURN_TYPE = YES_ERROR;
				GCC_WARN_UNDECLARED_SELECTOR = YES;
				GCC_WARN_UNINITIALIZED_AUTOS = YES_AGGRESSIVE;
				GCC_WARN_UNUSED_FUNCTION = YES;
				GCC_WARN_UNUSED_VARIABLE = YES;
				IPHONEOS_DEPLOYMENT_TARGET = 11.0;
				MTL_ENABLE_DEBUG_INFO = NO;
				SDKROOT = iphoneos;
				SWIFT_OPTIMIZATION_LEVEL = "-Owholemodule";
				VALIDATE_PRODUCT = YES;
			};
			name = Release;
		};
		53825BAD1F7E8CC700566F2C /* Debug */ = {
			isa = XCBuildConfiguration;
			baseConfigurationReference = 6D10BF47460D0F29D65529E7 /* Pods-SimpleScrob.debug.xcconfig */;
			buildSettings = {
				ASSETCATALOG_COMPILER_APPICON_NAME = AppIcon;
				CODE_SIGN_STYLE = Automatic;
				DEVELOPMENT_TEAM = Q96RZM5NAK;
				INFOPLIST_FILE = SimpleScrob/Info.plist;
				LD_RUNPATH_SEARCH_PATHS = "$(inherited) @executable_path/Frameworks";
				PRODUCT_BUNDLE_IDENTIFIER = com.joshfreed.SimpleScrob;
				PRODUCT_NAME = "$(TARGET_NAME)";
				SWIFT_VERSION = 4.0;
				TARGETED_DEVICE_FAMILY = "1,2";
			};
			name = Debug;
		};
		53825BAE1F7E8CC700566F2C /* Release */ = {
			isa = XCBuildConfiguration;
			baseConfigurationReference = 3E5D420393C7E496D31A4C73 /* Pods-SimpleScrob.release.xcconfig */;
			buildSettings = {
				ASSETCATALOG_COMPILER_APPICON_NAME = AppIcon;
				CODE_SIGN_STYLE = Automatic;
				DEVELOPMENT_TEAM = Q96RZM5NAK;
				INFOPLIST_FILE = SimpleScrob/Info.plist;
				LD_RUNPATH_SEARCH_PATHS = "$(inherited) @executable_path/Frameworks";
				PRODUCT_BUNDLE_IDENTIFIER = com.joshfreed.SimpleScrob;
				PRODUCT_NAME = "$(TARGET_NAME)";
				SWIFT_VERSION = 4.0;
				TARGETED_DEVICE_FAMILY = "1,2";
			};
			name = Release;
		};
		53825BB01F7E8CC700566F2C /* Debug */ = {
			isa = XCBuildConfiguration;
			baseConfigurationReference = 8AF97AADA51D9B4163C05B2E /* Pods-SimpleScrobTests.debug.xcconfig */;
			buildSettings = {
				ALWAYS_EMBED_SWIFT_STANDARD_LIBRARIES = YES;
				BUNDLE_LOADER = "$(TEST_HOST)";
				CODE_SIGN_STYLE = Automatic;
				DEVELOPMENT_TEAM = Q96RZM5NAK;
				INFOPLIST_FILE = SimpleScrobTests/Info.plist;
				LD_RUNPATH_SEARCH_PATHS = "$(inherited) @executable_path/Frameworks @loader_path/Frameworks";
				PRODUCT_BUNDLE_IDENTIFIER = com.joshfreed.SimpleScrobTests;
				PRODUCT_NAME = "$(TARGET_NAME)";
				SWIFT_VERSION = 4.0;
				TARGETED_DEVICE_FAMILY = "1,2";
				TEST_HOST = "$(BUILT_PRODUCTS_DIR)/SimpleScrob.app/SimpleScrob";
			};
			name = Debug;
		};
		53825BB11F7E8CC700566F2C /* Release */ = {
			isa = XCBuildConfiguration;
			baseConfigurationReference = 4834C745F470D255FABD22BB /* Pods-SimpleScrobTests.release.xcconfig */;
			buildSettings = {
				ALWAYS_EMBED_SWIFT_STANDARD_LIBRARIES = YES;
				BUNDLE_LOADER = "$(TEST_HOST)";
				CODE_SIGN_STYLE = Automatic;
				DEVELOPMENT_TEAM = Q96RZM5NAK;
				INFOPLIST_FILE = SimpleScrobTests/Info.plist;
				LD_RUNPATH_SEARCH_PATHS = "$(inherited) @executable_path/Frameworks @loader_path/Frameworks";
				PRODUCT_BUNDLE_IDENTIFIER = com.joshfreed.SimpleScrobTests;
				PRODUCT_NAME = "$(TARGET_NAME)";
				SWIFT_VERSION = 4.0;
				TARGETED_DEVICE_FAMILY = "1,2";
				TEST_HOST = "$(BUILT_PRODUCTS_DIR)/SimpleScrob.app/SimpleScrob";
			};
			name = Release;
		};
		53825BB31F7E8CC700566F2C /* Debug */ = {
			isa = XCBuildConfiguration;
			baseConfigurationReference = 7D35E46A2C0AB96A2F7067B1 /* Pods-SimpleScrobUITests.debug.xcconfig */;
			buildSettings = {
				ALWAYS_EMBED_SWIFT_STANDARD_LIBRARIES = YES;
				CODE_SIGN_STYLE = Automatic;
				DEVELOPMENT_TEAM = Q96RZM5NAK;
				INFOPLIST_FILE = SimpleScrobUITests/Info.plist;
				LD_RUNPATH_SEARCH_PATHS = "$(inherited) @executable_path/Frameworks @loader_path/Frameworks";
				PRODUCT_BUNDLE_IDENTIFIER = com.joshfreed.SimpleScrobUITests;
				PRODUCT_NAME = "$(TARGET_NAME)";
				SWIFT_VERSION = 4.0;
				TARGETED_DEVICE_FAMILY = "1,2";
				TEST_TARGET_NAME = SimpleScrob;
			};
			name = Debug;
		};
		53825BB41F7E8CC700566F2C /* Release */ = {
			isa = XCBuildConfiguration;
			baseConfigurationReference = 8C9D817B21A4FCEEB779CFFE /* Pods-SimpleScrobUITests.release.xcconfig */;
			buildSettings = {
				ALWAYS_EMBED_SWIFT_STANDARD_LIBRARIES = YES;
				CODE_SIGN_STYLE = Automatic;
				DEVELOPMENT_TEAM = Q96RZM5NAK;
				INFOPLIST_FILE = SimpleScrobUITests/Info.plist;
				LD_RUNPATH_SEARCH_PATHS = "$(inherited) @executable_path/Frameworks @loader_path/Frameworks";
				PRODUCT_BUNDLE_IDENTIFIER = com.joshfreed.SimpleScrobUITests;
				PRODUCT_NAME = "$(TARGET_NAME)";
				SWIFT_VERSION = 4.0;
				TARGETED_DEVICE_FAMILY = "1,2";
				TEST_TARGET_NAME = SimpleScrob;
			};
			name = Release;
		};
/* End XCBuildConfiguration section */

/* Begin XCConfigurationList section */
		53825B7F1F7E8CC600566F2C /* Build configuration list for PBXProject "SimpleScrob" */ = {
			isa = XCConfigurationList;
			buildConfigurations = (
				53825BAA1F7E8CC700566F2C /* Debug */,
				53825BAB1F7E8CC700566F2C /* Release */,
			);
			defaultConfigurationIsVisible = 0;
			defaultConfigurationName = Release;
		};
		53825BAC1F7E8CC700566F2C /* Build configuration list for PBXNativeTarget "SimpleScrob" */ = {
			isa = XCConfigurationList;
			buildConfigurations = (
				53825BAD1F7E8CC700566F2C /* Debug */,
				53825BAE1F7E8CC700566F2C /* Release */,
			);
			defaultConfigurationIsVisible = 0;
			defaultConfigurationName = Release;
		};
		53825BAF1F7E8CC700566F2C /* Build configuration list for PBXNativeTarget "SimpleScrobTests" */ = {
			isa = XCConfigurationList;
			buildConfigurations = (
				53825BB01F7E8CC700566F2C /* Debug */,
				53825BB11F7E8CC700566F2C /* Release */,
			);
			defaultConfigurationIsVisible = 0;
			defaultConfigurationName = Release;
		};
		53825BB21F7E8CC700566F2C /* Build configuration list for PBXNativeTarget "SimpleScrobUITests" */ = {
			isa = XCConfigurationList;
			buildConfigurations = (
				53825BB31F7E8CC700566F2C /* Debug */,
				53825BB41F7E8CC700566F2C /* Release */,
			);
			defaultConfigurationIsVisible = 0;
			defaultConfigurationName = Release;
		};
/* End XCConfigurationList section */

/* Begin XCVersionGroup section */
		5316A6541F82CBD6005193EB /* SimpleScrob.xcdatamodeld */ = {
			isa = XCVersionGroup;
			children = (
				5316A6551F82CBD6005193EB /* SimpleScrob.xcdatamodel */,
			);
			currentVersion = 5316A6551F82CBD6005193EB /* SimpleScrob.xcdatamodel */;
			path = SimpleScrob.xcdatamodeld;
			sourceTree = "<group>";
			versionGroupType = wrapper.xcdatamodel;
		};
/* End XCVersionGroup section */
	};
	rootObject = 53825B7C1F7E8CC600566F2C /* Project object */;
}
