// !$*UTF8*$!
{
	archiveVersion = 1;
	classes = {
	};
	objectVersion = 48;
	objects = {

/* Begin PBXBuildFile section */
		53825B881F7E8CC600566F2C /* AppDelegate.swift in Sources */ = {isa = PBXBuildFile; fileRef = 53825B871F7E8CC600566F2C /* AppDelegate.swift */; };
		53825B8A1F7E8CC600566F2C /* ViewController.swift in Sources */ = {isa = PBXBuildFile; fileRef = 53825B891F7E8CC600566F2C /* ViewController.swift */; };
		53825B8D1F7E8CC600566F2C /* Main.storyboard in Resources */ = {isa = PBXBuildFile; fileRef = 53825B8B1F7E8CC600566F2C /* Main.storyboard */; };
		53825B8F1F7E8CC600566F2C /* Assets.xcassets in Resources */ = {isa = PBXBuildFile; fileRef = 53825B8E1F7E8CC600566F2C /* Assets.xcassets */; };
		53825B921F7E8CC600566F2C /* LaunchScreen.storyboard in Resources */ = {isa = PBXBuildFile; fileRef = 53825B901F7E8CC600566F2C /* LaunchScreen.storyboard */; };
		53825B9D1F7E8CC700566F2C /* SimpleScrobTests.swift in Sources */ = {isa = PBXBuildFile; fileRef = 53825B9C1F7E8CC700566F2C /* SimpleScrobTests.swift */; };
		53825BA81F7E8CC700566F2C /* SimpleScrobUITests.swift in Sources */ = {isa = PBXBuildFile; fileRef = 53825BA71F7E8CC700566F2C /* SimpleScrobUITests.swift */; };
/* End PBXBuildFile section */

/* Begin PBXContainerItemProxy section */
		53825B991F7E8CC700566F2C /* PBXContainerItemProxy */ = {
			isa = PBXContainerItemProxy;
			containerPortal = 53825B7C1F7E8CC600566F2C /* Project object */;
			proxyType = 1;
			remoteGlobalIDString = 53825B831F7E8CC600566F2C;
			remoteInfo = SimpleScrob;
		};
		53825BA41F7E8CC700566F2C /* PBXContainerItemProxy */ = {
			isa = PBXContainerItemProxy;
			containerPortal = 53825B7C1F7E8CC600566F2C /* Project object */;
			proxyType = 1;
			remoteGlobalIDString = 53825B831F7E8CC600566F2C;
			remoteInfo = SimpleScrob;
		};
/* End PBXContainerItemProxy section */

/* Begin PBXFileReference section */
		53825B841F7E8CC600566F2C /* SimpleScrob.app */ = {isa = PBXFileReference; explicitFileType = wrapper.application; includeInIndex = 0; path = SimpleScrob.app; sourceTree = BUILT_PRODUCTS_DIR; };
		53825B871F7E8CC600566F2C /* AppDelegate.swift */ = {isa = PBXFileReference; lastKnownFileType = sourcecode.swift; path = AppDelegate.swift; sourceTree = "<group>"; };
		53825B891F7E8CC600566F2C /* ViewController.swift */ = {isa = PBXFileReference; lastKnownFileType = sourcecode.swift; path = ViewController.swift; sourceTree = "<group>"; };
		53825B8C1F7E8CC600566F2C /* Base */ = {isa = PBXFileReference; lastKnownFileType = file.storyboard; name = Base; path = Base.lproj/Main.storyboard; sourceTree = "<group>"; };
		53825B8E1F7E8CC600566F2C /* Assets.xcassets */ = {isa = PBXFileReference; lastKnownFileType = folder.assetcatalog; path = Assets.xcassets; sourceTree = "<group>"; };
		53825B911F7E8CC600566F2C /* Base */ = {isa = PBXFileReference; lastKnownFileType = file.storyboard; name = Base; path = Base.lproj/LaunchScreen.storyboard; sourceTree = "<group>"; };
		53825B931F7E8CC600566F2C /* Info.plist */ = {isa = PBXFileReference; lastKnownFileType = text.plist.xml; path = Info.plist; sourceTree = "<group>"; };
		53825B981F7E8CC700566F2C /* SimpleScrobTests.xctest */ = {isa = PBXFileReference; explicitFileType = wrapper.cfbundle; includeInIndex = 0; path = SimpleScrobTests.xctest; sourceTree = BUILT_PRODUCTS_DIR; };
		53825B9C1F7E8CC700566F2C /* SimpleScrobTests.swift */ = {isa = PBXFileReference; lastKnownFileType = sourcecode.swift; path = SimpleScrobTests.swift; sourceTree = "<group>"; };
		53825B9E1F7E8CC700566F2C /* Info.plist */ = {isa = PBXFileReference; lastKnownFileType = text.plist.xml; path = Info.plist; sourceTree = "<group>"; };
		53825BA31F7E8CC700566F2C /* SimpleScrobUITests.xctest */ = {isa = PBXFileReference; explicitFileType = wrapper.cfbundle; includeInIndex = 0; path = SimpleScrobUITests.xctest; sourceTree = BUILT_PRODUCTS_DIR; };
		53825BA71F7E8CC700566F2C /* SimpleScrobUITests.swift */ = {isa = PBXFileReference; lastKnownFileType = sourcecode.swift; path = SimpleScrobUITests.swift; sourceTree = "<group>"; };
		53825BA91F7E8CC700566F2C /* Info.plist */ = {isa = PBXFileReference; lastKnownFileType = text.plist.xml; path = Info.plist; sourceTree = "<group>"; };
/* End PBXFileReference section */

/* Begin PBXFrameworksBuildPhase section */
		53825B811F7E8CC600566F2C /* Frameworks */ = {
			isa = PBXFrameworksBuildPhase;
			buildActionMask = 2147483647;
			files = (
			);
			runOnlyForDeploymentPostprocessing = 0;
		};
		53825B951F7E8CC700566F2C /* Frameworks */ = {
			isa = PBXFrameworksBuildPhase;
			buildActionMask = 2147483647;
			files = (
			);
			runOnlyForDeploymentPostprocessing = 0;
		};
		53825BA01F7E8CC700566F2C /* Frameworks */ = {
			isa = PBXFrameworksBuildPhase;
			buildActionMask = 2147483647;
			files = (
			);
			runOnlyForDeploymentPostprocessing = 0;
		};
/* End PBXFrameworksBuildPhase section */

/* Begin PBXGroup section */
		53825B7B1F7E8CC600566F2C = {
			isa = PBXGroup;
			children = (
				53825B861F7E8CC600566F2C /* SimpleScrob */,
				53825B9B1F7E8CC700566F2C /* SimpleScrobTests */,
				53825BA61F7E8CC700566F2C /* SimpleScrobUITests */,
				53825B851F7E8CC600566F2C /* Products */,
			);
			sourceTree = "<group>";
		};
		53825B851F7E8CC600566F2C /* Products */ = {
			isa = PBXGroup;
			children = (
				53825B841F7E8CC600566F2C /* SimpleScrob.app */,
				53825B981F7E8CC700566F2C /* SimpleScrobTests.xctest */,
				53825BA31F7E8CC700566F2C /* SimpleScrobUITests.xctest */,
			);
			name = Products;
			sourceTree = "<group>";
		};
		53825B861F7E8CC600566F2C /* SimpleScrob */ = {
			isa = PBXGroup;
			children = (
				53825B871F7E8CC600566F2C /* AppDelegate.swift */,
				53825B891F7E8CC600566F2C /* ViewController.swift */,
				53825B8B1F7E8CC600566F2C /* Main.storyboard */,
				53825B8E1F7E8CC600566F2C /* Assets.xcassets */,
				53825B901F7E8CC600566F2C /* LaunchScreen.storyboard */,
				53825B931F7E8CC600566F2C /* Info.plist */,
			);
			path = SimpleScrob;
			sourceTree = "<group>";
		};
		53825B9B1F7E8CC700566F2C /* SimpleScrobTests */ = {
			isa = PBXGroup;
			children = (
				53825B9C1F7E8CC700566F2C /* SimpleScrobTests.swift */,
				53825B9E1F7E8CC700566F2C /* Info.plist */,
			);
			path = SimpleScrobTests;
			sourceTree = "<group>";
		};
		53825BA61F7E8CC700566F2C /* SimpleScrobUITests */ = {
			isa = PBXGroup;
			children = (
				53825BA71F7E8CC700566F2C /* SimpleScrobUITests.swift */,
				53825BA91F7E8CC700566F2C /* Info.plist */,
			);
			path = SimpleScrobUITests;
			sourceTree = "<group>";
		};
/* End PBXGroup section */

/* Begin PBXNativeTarget section */
		53825B831F7E8CC600566F2C /* SimpleScrob */ = {
			isa = PBXNativeTarget;
			buildConfigurationList = 53825BAC1F7E8CC700566F2C /* Build configuration list for PBXNativeTarget "SimpleScrob" */;
			buildPhases = (
				53825B801F7E8CC600566F2C /* Sources */,
				53825B811F7E8CC600566F2C /* Frameworks */,
				53825B821F7E8CC600566F2C /* Resources */,
			);
			buildRules = (
			);
			dependencies = (
			);
			name = SimpleScrob;
			productName = SimpleScrob;
			productReference = 53825B841F7E8CC600566F2C /* SimpleScrob.app */;
			productType = "com.apple.product-type.application";
		};
		53825B971F7E8CC700566F2C /* SimpleScrobTests */ = {
			isa = PBXNativeTarget;
			buildConfigurationList = 53825BAF1F7E8CC700566F2C /* Build configuration list for PBXNativeTarget "SimpleScrobTests" */;
			buildPhases = (
				53825B941F7E8CC700566F2C /* Sources */,
				53825B951F7E8CC700566F2C /* Frameworks */,
				53825B961F7E8CC700566F2C /* Resources */,
			);
			buildRules = (
			);
			dependencies = (
				53825B9A1F7E8CC700566F2C /* PBXTargetDependency */,
			);
			name = SimpleScrobTests;
			productName = SimpleScrobTests;
			productReference = 53825B981F7E8CC700566F2C /* SimpleScrobTests.xctest */;
			productType = "com.apple.product-type.bundle.unit-test";
		};
		53825BA21F7E8CC700566F2C /* SimpleScrobUITests */ = {
			isa = PBXNativeTarget;
			buildConfigurationList = 53825BB21F7E8CC700566F2C /* Build configuration list for PBXNativeTarget "SimpleScrobUITests" */;
			buildPhases = (
				53825B9F1F7E8CC700566F2C /* Sources */,
				53825BA01F7E8CC700566F2C /* Frameworks */,
				53825BA11F7E8CC700566F2C /* Resources */,
			);
			buildRules = (
			);
			dependencies = (
				53825BA51F7E8CC700566F2C /* PBXTargetDependency */,
			);
			name = SimpleScrobUITests;
			productName = SimpleScrobUITests;
			productReference = 53825BA31F7E8CC700566F2C /* SimpleScrobUITests.xctest */;
			productType = "com.apple.product-type.bundle.ui-testing";
		};
/* End PBXNativeTarget section */

/* Begin PBXProject section */
		53825B7C1F7E8CC600566F2C /* Project object */ = {
			isa = PBXProject;
			attributes = {
				LastSwiftUpdateCheck = 0900;
				LastUpgradeCheck = 0900;
				ORGANIZATIONNAME = "Josh Freed";
				TargetAttributes = {
					53825B831F7E8CC600566F2C = {
						CreatedOnToolsVersion = 9.0;
						ProvisioningStyle = Automatic;
					};
					53825B971F7E8CC700566F2C = {
						CreatedOnToolsVersion = 9.0;
						ProvisioningStyle = Automatic;
						TestTargetID = 53825B831F7E8CC600566F2C;
					};
					53825BA21F7E8CC700566F2C = {
						CreatedOnToolsVersion = 9.0;
						ProvisioningStyle = Automatic;
						TestTargetID = 53825B831F7E8CC600566F2C;
					};
				};
			};
			buildConfigurationList = 53825B7F1F7E8CC600566F2C /* Build configuration list for PBXProject "SimpleScrob" */;
			compatibilityVersion = "Xcode 8.0";
			developmentRegion = en;
			hasScannedForEncodings = 0;
			knownRegions = (
				en,
				Base,
			);
			mainGroup = 53825B7B1F7E8CC600566F2C;
			productRefGroup = 53825B851F7E8CC600566F2C /* Products */;
			projectDirPath = "";
			projectRoot = "";
			targets = (
				53825B831F7E8CC600566F2C /* SimpleScrob */,
				53825B971F7E8CC700566F2C /* SimpleScrobTests */,
				53825BA21F7E8CC700566F2C /* SimpleScrobUITests */,
			);
		};
/* End PBXProject section */

/* Begin PBXResourcesBuildPhase section */
		53825B821F7E8CC600566F2C /* Resources */ = {
			isa = PBXResourcesBuildPhase;
			buildActionMask = 2147483647;
			files = (
				53825B921F7E8CC600566F2C /* LaunchScreen.storyboard in Resources */,
				53825B8F1F7E8CC600566F2C /* Assets.xcassets in Resources */,
				53825B8D1F7E8CC600566F2C /* Main.storyboard in Resources */,
			);
			runOnlyForDeploymentPostprocessing = 0;
		};
		53825B961F7E8CC700566F2C /* Resources */ = {
			isa = PBXResourcesBuildPhase;
			buildActionMask = 2147483647;
			files = (
			);
			runOnlyForDeploymentPostprocessing = 0;
		};
		53825BA11F7E8CC700566F2C /* Resources */ = {
			isa = PBXResourcesBuildPhase;
			buildActionMask = 2147483647;
			files = (
			);
			runOnlyForDeploymentPostprocessing = 0;
		};
/* End PBXResourcesBuildPhase section */

/* Begin PBXSourcesBuildPhase section */
		53825B801F7E8CC600566F2C /* Sources */ = {
			isa = PBXSourcesBuildPhase;
			buildActionMask = 2147483647;
			files = (
				53825B8A1F7E8CC600566F2C /* ViewController.swift in Sources */,
				53825B881F7E8CC600566F2C /* AppDelegate.swift in Sources */,
			);
			runOnlyForDeploymentPostprocessing = 0;
		};
		53825B941F7E8CC700566F2C /* Sources */ = {
			isa = PBXSourcesBuildPhase;
			buildActionMask = 2147483647;
			files = (
				53825B9D1F7E8CC700566F2C /* SimpleScrobTests.swift in Sources */,
			);
			runOnlyForDeploymentPostprocessing = 0;
		};
		53825B9F1F7E8CC700566F2C /* Sources */ = {
			isa = PBXSourcesBuildPhase;
			buildActionMask = 2147483647;
			files = (
				53825BA81F7E8CC700566F2C /* SimpleScrobUITests.swift in Sources */,
			);
			runOnlyForDeploymentPostprocessing = 0;
		};
/* End PBXSourcesBuildPhase section */

/* Begin PBXTargetDependency section */
		53825B9A1F7E8CC700566F2C /* PBXTargetDependency */ = {
			isa = PBXTargetDependency;
			target = 53825B831F7E8CC600566F2C /* SimpleScrob */;
			targetProxy = 53825B991F7E8CC700566F2C /* PBXContainerItemProxy */;
		};
		53825BA51F7E8CC700566F2C /* PBXTargetDependency */ = {
			isa = PBXTargetDependency;
			target = 53825B831F7E8CC600566F2C /* SimpleScrob */;
			targetProxy = 53825BA41F7E8CC700566F2C /* PBXContainerItemProxy */;
		};
/* End PBXTargetDependency section */

/* Begin PBXVariantGroup section */
		53825B8B1F7E8CC600566F2C /* Main.storyboard */ = {
			isa = PBXVariantGroup;
			children = (
				53825B8C1F7E8CC600566F2C /* Base */,
			);
			name = Main.storyboard;
			sourceTree = "<group>";
		};
		53825B901F7E8CC600566F2C /* LaunchScreen.storyboard */ = {
			isa = PBXVariantGroup;
			children = (
				53825B911F7E8CC600566F2C /* Base */,
			);
			name = LaunchScreen.storyboard;
			sourceTree = "<group>";
		};
/* End PBXVariantGroup section */

/* Begin XCBuildConfiguration section */
		53825BAA1F7E8CC700566F2C /* Debug */ = {
			isa = XCBuildConfiguration;
			buildSettings = {
				ALWAYS_SEARCH_USER_PATHS = NO;
				CLANG_ANALYZER_NONNULL = YES;
				CLANG_ANALYZER_NUMBER_OBJECT_CONVERSION = YES_AGGRESSIVE;
				CLANG_CXX_LANGUAGE_STANDARD = "gnu++14";
				CLANG_CXX_LIBRARY = "libc++";
				CLANG_ENABLE_MODULES = YES;
				CLANG_ENABLE_OBJC_ARC = YES;
				CLANG_WARN_BLOCK_CAPTURE_AUTORELEASING = YES;
				CLANG_WARN_BOOL_CONVERSION = YES;
				CLANG_WARN_COMMA = YES;
				CLANG_WARN_CONSTANT_CONVERSION = YES;
				CLANG_WARN_DIRECT_OBJC_ISA_USAGE = YES_ERROR;
				CLANG_WARN_DOCUMENTATION_COMMENTS = YES;
				CLANG_WARN_EMPTY_BODY = YES;
				CLANG_WARN_ENUM_CONVERSION = YES;
				CLANG_WARN_INFINITE_RECURSION = YES;
				CLANG_WARN_INT_CONVERSION = YES;
				CLANG_WARN_NON_LITERAL_NULL_CONVERSION = YES;
				CLANG_WARN_OBJC_LITERAL_CONVERSION = YES;
				CLANG_WARN_OBJC_ROOT_CLASS = YES_ERROR;
				CLANG_WARN_RANGE_LOOP_ANALYSIS = YES;
				CLANG_WARN_STRICT_PROTOTYPES = YES;
				CLANG_WARN_SUSPICIOUS_MOVE = YES;
				CLANG_WARN_UNGUARDED_AVAILABILITY = YES_AGGRESSIVE;
				CLANG_WARN_UNREACHABLE_CODE = YES;
				CLANG_WARN__DUPLICATE_METHOD_MATCH = YES;
				CODE_SIGN_IDENTITY = "iPhone Developer";
				COPY_PHASE_STRIP = NO;
				DEBUG_INFORMATION_FORMAT = dwarf;
				ENABLE_STRICT_OBJC_MSGSEND = YES;
				ENABLE_TESTABILITY = YES;
				GCC_C_LANGUAGE_STANDARD = gnu11;
				GCC_DYNAMIC_NO_PIC = NO;
				GCC_NO_COMMON_BLOCKS = YES;
				GCC_OPTIMIZATION_LEVEL = 0;
				GCC_PREPROCESSOR_DEFINITIONS = (
					"DEBUG=1",
					"$(inherited)",
				);
				GCC_WARN_64_TO_32_BIT_CONVERSION = YES;
				GCC_WARN_ABOUT_RETURN_TYPE = YES_ERROR;
				GCC_WARN_UNDECLARED_SELECTOR = YES;
				GCC_WARN_UNINITIALIZED_AUTOS = YES_AGGRESSIVE;
				GCC_WARN_UNUSED_FUNCTION = YES;
				GCC_WARN_UNUSED_VARIABLE = YES;
				IPHONEOS_DEPLOYMENT_TARGET = 11.0;
				MTL_ENABLE_DEBUG_INFO = YES;
				ONLY_ACTIVE_ARCH = YES;
				SDKROOT = iphoneos;
				SWIFT_ACTIVE_COMPILATION_CONDITIONS = DEBUG;
				SWIFT_OPTIMIZATION_LEVEL = "-Onone";
			};
			name = Debug;
		};
		53825BAB1F7E8CC700566F2C /* Release */ = {
			isa = XCBuildConfiguration;
			buildSettings = {
				ALWAYS_SEARCH_USER_PATHS = NO;
				CLANG_ANALYZER_NONNULL = YES;
				CLANG_ANALYZER_NUMBER_OBJECT_CONVERSION = YES_AGGRESSIVE;
				CLANG_CXX_LANGUAGE_STANDARD = "gnu++14";
				CLANG_CXX_LIBRARY = "libc++";
				CLANG_ENABLE_MODULES = YES;
				CLANG_ENABLE_OBJC_ARC = YES;
				CLANG_WARN_BLOCK_CAPTURE_AUTORELEASING = YES;
				CLANG_WARN_BOOL_CONVERSION = YES;
				CLANG_WARN_COMMA = YES;
				CLANG_WARN_CONSTANT_CONVERSION = YES;
				CLANG_WARN_DIRECT_OBJC_ISA_USAGE = YES_ERROR;
				CLANG_WARN_DOCUMENTATION_COMMENTS = YES;
				CLANG_WARN_EMPTY_BODY = YES;
				CLANG_WARN_ENUM_CONVERSION = YES;
				CLANG_WARN_INFINITE_RECURSION = YES;
				CLANG_WARN_INT_CONVERSION = YES;
				CLANG_WARN_NON_LITERAL_NULL_CONVERSION = YES;
				CLANG_WARN_OBJC_LITERAL_CONVERSION = YES;
				CLANG_WARN_OBJC_ROOT_CLASS = YES_ERROR;
				CLANG_WARN_RANGE_LOOP_ANALYSIS = YES;
				CLANG_WARN_STRICT_PROTOTYPES = YES;
				CLANG_WARN_SUSPICIOUS_MOVE = YES;
				CLANG_WARN_UNGUARDED_AVAILABILITY = YES_AGGRESSIVE;
				CLANG_WARN_UNREACHABLE_CODE = YES;
				CLANG_WARN__DUPLICATE_METHOD_MATCH = YES;
				CODE_SIGN_IDENTITY = "iPhone Developer";
				COPY_PHASE_STRIP = NO;
				DEBUG_INFORMATION_FORMAT = "dwarf-with-dsym";
				ENABLE_NS_ASSERTIONS = NO;
				ENABLE_STRICT_OBJC_MSGSEND = YES;
				GCC_C_LANGUAGE_STANDARD = gnu11;
				GCC_NO_COMMON_BLOCKS = YES;
				GCC_WARN_64_TO_32_BIT_CONVERSION = YES;
				GCC_WARN_ABOUT_RETURN_TYPE = YES_ERROR;
				GCC_WARN_UNDECLARED_SELECTOR = YES;
				GCC_WARN_UNINITIALIZED_AUTOS = YES_AGGRESSIVE;
				GCC_WARN_UNUSED_FUNCTION = YES;
				GCC_WARN_UNUSED_VARIABLE = YES;
				IPHONEOS_DEPLOYMENT_TARGET = 11.0;
				MTL_ENABLE_DEBUG_INFO = NO;
				SDKROOT = iphoneos;
				SWIFT_OPTIMIZATION_LEVEL = "-Owholemodule";
				VALIDATE_PRODUCT = YES;
			};
			name = Release;
		};
		53825BAD1F7E8CC700566F2C /* Debug */ = {
			isa = XCBuildConfiguration;
			buildSettings = {
				ASSETCATALOG_COMPILER_APPICON_NAME = AppIcon;
				CODE_SIGN_STYLE = Automatic;
				DEVELOPMENT_TEAM = Q96RZM5NAK;
				INFOPLIST_FILE = SimpleScrob/Info.plist;
				LD_RUNPATH_SEARCH_PATHS = "$(inherited) @executable_path/Frameworks";
				PRODUCT_BUNDLE_IDENTIFIER = com.joshfreed.SimpleScrob;
				PRODUCT_NAME = "$(TARGET_NAME)";
				SWIFT_VERSION = 4.0;
				TARGETED_DEVICE_FAMILY = "1,2";
			};
			name = Debug;
		};
		53825BAE1F7E8CC700566F2C /* Release */ = {
			isa = XCBuildConfiguration;
			buildSettings = {
				ASSETCATALOG_COMPILER_APPICON_NAME = AppIcon;
				CODE_SIGN_STYLE = Automatic;
				DEVELOPMENT_TEAM = Q96RZM5NAK;
				INFOPLIST_FILE = SimpleScrob/Info.plist;
				LD_RUNPATH_SEARCH_PATHS = "$(inherited) @executable_path/Frameworks";
				PRODUCT_BUNDLE_IDENTIFIER = com.joshfreed.SimpleScrob;
				PRODUCT_NAME = "$(TARGET_NAME)";
				SWIFT_VERSION = 4.0;
				TARGETED_DEVICE_FAMILY = "1,2";
			};
			name = Release;
		};
		53825BB01F7E8CC700566F2C /* Debug */ = {
			isa = XCBuildConfiguration;
			buildSettings = {
				ALWAYS_EMBED_SWIFT_STANDARD_LIBRARIES = YES;
				BUNDLE_LOADER = "$(TEST_HOST)";
				CODE_SIGN_STYLE = Automatic;
				DEVELOPMENT_TEAM = Q96RZM5NAK;
				INFOPLIST_FILE = SimpleScrobTests/Info.plist;
				LD_RUNPATH_SEARCH_PATHS = "$(inherited) @executable_path/Frameworks @loader_path/Frameworks";
				PRODUCT_BUNDLE_IDENTIFIER = com.joshfreed.SimpleScrobTests;
				PRODUCT_NAME = "$(TARGET_NAME)";
				SWIFT_VERSION = 4.0;
				TARGETED_DEVICE_FAMILY = "1,2";
				TEST_HOST = "$(BUILT_PRODUCTS_DIR)/SimpleScrob.app/SimpleScrob";
			};
			name = Debug;
		};
		53825BB11F7E8CC700566F2C /* Release */ = {
			isa = XCBuildConfiguration;
			buildSettings = {
				ALWAYS_EMBED_SWIFT_STANDARD_LIBRARIES = YES;
				BUNDLE_LOADER = "$(TEST_HOST)";
				CODE_SIGN_STYLE = Automatic;
				DEVELOPMENT_TEAM = Q96RZM5NAK;
				INFOPLIST_FILE = SimpleScrobTests/Info.plist;
				LD_RUNPATH_SEARCH_PATHS = "$(inherited) @executable_path/Frameworks @loader_path/Frameworks";
				PRODUCT_BUNDLE_IDENTIFIER = com.joshfreed.SimpleScrobTests;
				PRODUCT_NAME = "$(TARGET_NAME)";
				SWIFT_VERSION = 4.0;
				TARGETED_DEVICE_FAMILY = "1,2";
				TEST_HOST = "$(BUILT_PRODUCTS_DIR)/SimpleScrob.app/SimpleScrob";
			};
			name = Release;
		};
		53825BB31F7E8CC700566F2C /* Debug */ = {
			isa = XCBuildConfiguration;
			buildSettings = {
				ALWAYS_EMBED_SWIFT_STANDARD_LIBRARIES = YES;
				CODE_SIGN_STYLE = Automatic;
				DEVELOPMENT_TEAM = Q96RZM5NAK;
				INFOPLIST_FILE = SimpleScrobUITests/Info.plist;
				LD_RUNPATH_SEARCH_PATHS = "$(inherited) @executable_path/Frameworks @loader_path/Frameworks";
				PRODUCT_BUNDLE_IDENTIFIER = com.joshfreed.SimpleScrobUITests;
				PRODUCT_NAME = "$(TARGET_NAME)";
				SWIFT_VERSION = 4.0;
				TARGETED_DEVICE_FAMILY = "1,2";
				TEST_TARGET_NAME = SimpleScrob;
			};
			name = Debug;
		};
		53825BB41F7E8CC700566F2C /* Release */ = {
			isa = XCBuildConfiguration;
			buildSettings = {
				ALWAYS_EMBED_SWIFT_STANDARD_LIBRARIES = YES;
				CODE_SIGN_STYLE = Automatic;
				DEVELOPMENT_TEAM = Q96RZM5NAK;
				INFOPLIST_FILE = SimpleScrobUITests/Info.plist;
				LD_RUNPATH_SEARCH_PATHS = "$(inherited) @executable_path/Frameworks @loader_path/Frameworks";
				PRODUCT_BUNDLE_IDENTIFIER = com.joshfreed.SimpleScrobUITests;
				PRODUCT_NAME = "$(TARGET_NAME)";
				SWIFT_VERSION = 4.0;
				TARGETED_DEVICE_FAMILY = "1,2";
				TEST_TARGET_NAME = SimpleScrob;
			};
			name = Release;
		};
/* End XCBuildConfiguration section */

/* Begin XCConfigurationList section */
		53825B7F1F7E8CC600566F2C /* Build configuration list for PBXProject "SimpleScrob" */ = {
			isa = XCConfigurationList;
			buildConfigurations = (
				53825BAA1F7E8CC700566F2C /* Debug */,
				53825BAB1F7E8CC700566F2C /* Release */,
			);
			defaultConfigurationIsVisible = 0;
			defaultConfigurationName = Release;
		};
		53825BAC1F7E8CC700566F2C /* Build configuration list for PBXNativeTarget "SimpleScrob" */ = {
			isa = XCConfigurationList;
			buildConfigurations = (
				53825BAD1F7E8CC700566F2C /* Debug */,
				53825BAE1F7E8CC700566F2C /* Release */,
			);
			defaultConfigurationIsVisible = 0;
			defaultConfigurationName = Release;
		};
		53825BAF1F7E8CC700566F2C /* Build configuration list for PBXNativeTarget "SimpleScrobTests" */ = {
			isa = XCConfigurationList;
			buildConfigurations = (
				53825BB01F7E8CC700566F2C /* Debug */,
				53825BB11F7E8CC700566F2C /* Release */,
			);
			defaultConfigurationIsVisible = 0;
			defaultConfigurationName = Release;
		};
		53825BB21F7E8CC700566F2C /* Build configuration list for PBXNativeTarget "SimpleScrobUITests" */ = {
			isa = XCConfigurationList;
			buildConfigurations = (
				53825BB31F7E8CC700566F2C /* Debug */,
				53825BB41F7E8CC700566F2C /* Release */,
			);
			defaultConfigurationIsVisible = 0;
			defaultConfigurationName = Release;
		};
/* End XCConfigurationList section */
	};
	rootObject = 53825B7C1F7E8CC600566F2C /* Project object */;
}
